
Microsoft Visual Studio Solution File, Format Version 12.00
# Visual Studio Version 16
VisualStudioVersion = 16.0.28701.123
MinimumVisualStudioVersion = 10.0.40219.1
Project("{8BC9CEB8-8B4A-11D0-8D11-00A0C91BC942}") = "MFCApplication1", "MFCApplication1\MFCApplication1.vcxproj", "{64263954-FACB-471E-88EC-1E5C743A8620}"
EndProject
Global
	GlobalSection(SolutionConfigurationPlatforms) = preSolution
		Debug|x64 = Debug|x64
		Debug|x86 = Debug|x86
		Release|x64 = Release|x64
		Release|x86 = Release|x86
	EndGlobalSection
	GlobalSection(ProjectConfigurationPlatforms) = postSolution
		{64263954-FACB-471E-88EC-1E5C743A8620}.Debug|x64.ActiveCfg = Debug|x64
		{64263954-FACB-471E-88EC-1E5C743A8620}.Debug|x64.Build.0 = Debug|x64
		{64263954-FACB-471E-88EC-1E5C743A8620}.Debug|x86.ActiveCfg = Debug|Win32
		{64263954-FACB-471E-88EC-1E5C743A8620}.Debug|x86.Build.0 = Debug|Win32
		{64263954-FACB-471E-88EC-1E5C743A8620}.Release|x64.ActiveCfg = Release|x64
		{64263954-FACB-471E-88EC-1E5C743A8620}.Release|x64.Build.0 = Release|x64
		{64263954-FACB-471E-88EC-1E5C743A8620}.Release|x86.ActiveCfg = Release|Win32
		{64263954-FACB-471E-88EC-1E5C743A8620}.Release|x86.Build.0 = Release|Win32
	EndGlobalSection
	GlobalSection(SolutionProperties) = preSolution
		HideSolutionNode = FALSE
	EndGlobalSection
	GlobalSection(ExtensibilityGlobals) = postSolution
		SolutionGuid = {64904D20-EACA-4E2C-8102-9A1114F4C737}
	EndGlobalSection
EndGlobal
